// !$*UTF8*$!
{
	archiveVersion = 1;
	classes = {
	};
	objectVersion = 77;
	objects = {

/* Begin PBXBuildFile section */
		F63A9B2B2D6F8635000F805D /* XcodeKit.framework in Frameworks */ = {isa = PBXBuildFile; fileRef = F64FD4762D6ECDBC002C9691 /* XcodeKit.framework */; };
		F63A9B2C2D6F8635000F805D /* XcodeKit.framework in Embed Frameworks */ = {isa = PBXBuildFile; fileRef = F64FD4762D6ECDBC002C9691 /* XcodeKit.framework */; settings = {ATTRIBUTES = (CodeSignOnCopy, RemoveHeadersOnCopy, ); }; };
		F6DA46702D6EDBA100408790 /* Cocoa.framework in Frameworks */ = {isa = PBXBuildFile; fileRef = F64FD4742D6ECDBC002C9691 /* Cocoa.framework */; };
		F6DA467B2D6EDBA100408790 /* ؜command (Debug).appex in Embed Foundation Extensions */ = {isa = PBXBuildFile; fileRef = F6DA466F2D6EDBA100408790 /* ؜command (Debug).appex */; settings = {ATTRIBUTES = (RemoveHeadersOnCopy, ); }; };
		F6EC34F32D5C165A006E935C /* App in Frameworks */ = {isa = PBXBuildFile; productRef = F6EC34F22D5C165A006E935C /* App */; };
		F6F389012D6F8933004DAB09 /* AppExtension in Frameworks */ = {isa = PBXBuildFile; productRef = F6F389002D6F8933004DAB09 /* AppExtension */; };
/* End PBXBuildFile section */

/* Begin PBXContainerItemProxy section */
		F6DA46792D6EDBA100408790 /* PBXContainerItemProxy */ = {
			isa = PBXContainerItemProxy;
			containerPortal = F6EF7DB72D4C4F2C0074006B /* Project object */;
			proxyType = 1;
			remoteGlobalIDString = F6DA466E2D6EDBA100408790;
			remoteInfo = "command Extension";
		};
/* End PBXContainerItemProxy section */

/* Begin PBXCopyFilesBuildPhase section */
		F63A9B2D2D6F8635000F805D /* Embed Frameworks */ = {
			isa = PBXCopyFilesBuildPhase;
			buildActionMask = 2147483647;
			dstPath = "";
			dstSubfolderSpec = 10;
			files = (
				F63A9B2C2D6F8635000F805D /* XcodeKit.framework in Embed Frameworks */,
			);
			name = "Embed Frameworks";
			runOnlyForDeploymentPostprocessing = 0;
		};
		F64FD4822D6ECDBC002C9691 /* Embed Foundation Extensions */ = {
			isa = PBXCopyFilesBuildPhase;
			buildActionMask = 2147483647;
			dstPath = "";
			dstSubfolderSpec = 13;
			files = (
				F6DA467B2D6EDBA100408790 /* ؜command (Debug).appex in Embed Foundation Extensions */,
			);
			name = "Embed Foundation Extensions";
			runOnlyForDeploymentPostprocessing = 0;
		};
/* End PBXCopyFilesBuildPhase section */

/* Begin PBXFileReference section */
		C8189B282938979000C9DCDA /* modules */ = {isa = PBXFileReference; lastKnownFileType = wrapper; path = modules; sourceTree = "<group>"; };
		F61D6E282D74F47C0089003D /* command.xcodeproj */ = {isa = PBXFileReference; lastKnownFileType = "wrapper.pb-project"; path = command.xcodeproj; sourceTree = "<group>"; };
		F64FD4742D6ECDBC002C9691 /* Cocoa.framework */ = {isa = PBXFileReference; lastKnownFileType = wrapper.framework; name = Cocoa.framework; path = System/Library/Frameworks/Cocoa.framework; sourceTree = SDKROOT; };
		F64FD4762D6ECDBC002C9691 /* XcodeKit.framework */ = {isa = PBXFileReference; lastKnownFileType = wrapper.framework; name = XcodeKit.framework; path = Library/Frameworks/XcodeKit.framework; sourceTree = DEVELOPER_DIR; };
		F65DBB812D73B78600E47A41 /* command.xcodeproj */ = {isa = PBXFileReference; lastKnownFileType = "wrapper.pb-project"; path = command.xcodeproj; sourceTree = "<group>"; };
		F65DBBA72D73B83700E47A41 /* command.shared.xcconfig */ = {isa = PBXFileReference; lastKnownFileType = text.xcconfig; path = command.shared.xcconfig; sourceTree = "<group>"; };
		F668BFD52D74DD8F00387742 /* command.xcodeproj */ = {isa = PBXFileReference; lastKnownFileType = "wrapper.pb-project"; path = command.xcodeproj; sourceTree = "<group>"; };
		F6B34B892D74E17D00AC0BBA /* command.xcodeproj */ = {isa = PBXFileReference; lastKnownFileType = "wrapper.pb-project"; path = command.xcodeproj; sourceTree = "<group>"; };
		F6DA466F2D6EDBA100408790 /* ؜command (Debug).appex */ = {isa = PBXFileReference; explicitFileType = "wrapper.app-extension"; includeInIndex = 0; path = "؜command (Debug).appex"; sourceTree = BUILT_PRODUCTS_DIR; };
		F6EF7DBF2D4C4F2C0074006B /* command (Debug).app */ = {isa = PBXFileReference; explicitFileType = wrapper.application; includeInIndex = 0; path = "command (Debug).app"; sourceTree = BUILT_PRODUCTS_DIR; };
		F6F3892C2D6FBE05004DAB09 /* command.debug.xcconfig */ = {isa = PBXFileReference; lastKnownFileType = text.xcconfig; path = command.debug.xcconfig; sourceTree = "<group>"; };
		F6F3892D2D6FBE05004DAB09 /* command.release.xcconfig */ = {isa = PBXFileReference; lastKnownFileType = text.xcconfig; path = command.release.xcconfig; sourceTree = "<group>"; };
/* End PBXFileReference section */

/* Begin PBXFileSystemSynchronizedBuildFileExceptionSet section */
		F64AF2E42D4C88750076F56D /* Exceptions for "command" folder in "command" target */ = {
			isa = PBXFileSystemSynchronizedBuildFileExceptionSet;
			membershipExceptions = (
				App.debug.xcconfig,
				App.release.xcconfig,
				Info.plist,
			);
			target = F6EF7DBE2D4C4F2C0074006B /* command */;
		};
		F6DA467F2D6EDBA100408790 /* Exceptions for "command Extension" folder in "command Extension" target */ = {
			isa = PBXFileSystemSynchronizedBuildFileExceptionSet;
			membershipExceptions = (
				Extension.debug.xcconfig,
				Extension.release.xcconfig,
				Info.plist,
			);
			target = F6DA466E2D6EDBA100408790 /* command Extension */;
		};
/* End PBXFileSystemSynchronizedBuildFileExceptionSet section */

/* Begin PBXFileSystemSynchronizedRootGroup section */
		F6DA46722D6EDBA100408790 /* command Extension */ = {
			isa = PBXFileSystemSynchronizedRootGroup;
			exceptions = (
				F6DA467F2D6EDBA100408790 /* Exceptions for "command Extension" folder in "command Extension" target */,
			);
			path = "command Extension";
			sourceTree = "<group>";
		};
		F6EF7DC12D4C4F2C0074006B /* command */ = {
			isa = PBXFileSystemSynchronizedRootGroup;
			exceptions = (
				F64AF2E42D4C88750076F56D /* Exceptions for "command" folder in "command" target */,
			);
			path = command;
			sourceTree = "<group>";
		};
/* End PBXFileSystemSynchronizedRootGroup section */

/* Begin PBXFrameworksBuildPhase section */
		F6DA466C2D6EDBA100408790 /* Frameworks */ = {
			isa = PBXFrameworksBuildPhase;
			buildActionMask = 2147483647;
			files = (
				F6DA46702D6EDBA100408790 /* Cocoa.framework in Frameworks */,
				F6F389012D6F8933004DAB09 /* AppExtension in Frameworks */,
				F63A9B2B2D6F8635000F805D /* XcodeKit.framework in Frameworks */,
			);
			runOnlyForDeploymentPostprocessing = 0;
		};
		F6EF7DBC2D4C4F2C0074006B /* Frameworks */ = {
			isa = PBXFrameworksBuildPhase;
			buildActionMask = 2147483647;
			files = (
				F6EC34F32D5C165A006E935C /* App in Frameworks */,
			);
			runOnlyForDeploymentPostprocessing = 0;
		};
/* End PBXFrameworksBuildPhase section */

/* Begin PBXGroup section */
		F61D6E2A2D74F47C0089003D /* Products */ = {
			isa = PBXGroup;
			name = Products;
			sourceTree = "<group>";
		};
		F64AF2782D4C58620076F56D /* Frameworks */ = {
			isa = PBXGroup;
			children = (
				F64FD4742D6ECDBC002C9691 /* Cocoa.framework */,
				F64FD4762D6ECDBC002C9691 /* XcodeKit.framework */,
			);
			name = Frameworks;
			sourceTree = "<group>";
		};
		F65DBB832D73B78600E47A41 /* Products */ = {
			isa = PBXGroup;
			name = Products;
			sourceTree = "<group>";
		};
		F668BFD72D74DD8F00387742 /* Products */ = {
			isa = PBXGroup;
			name = Products;
			sourceTree = "<group>";
		};
		F6B34B8B2D74E17D00AC0BBA /* Products */ = {
			isa = PBXGroup;
			name = Products;
			sourceTree = "<group>";
		};
		F6EF7DB62D4C4F2C0074006B = {
			isa = PBXGroup;
			children = (
				F65DBBA72D73B83700E47A41 /* command.shared.xcconfig */,
				F6F3892C2D6FBE05004DAB09 /* command.debug.xcconfig */,
				F6F3892D2D6FBE05004DAB09 /* command.release.xcconfig */,
				F6EF7DC12D4C4F2C0074006B /* command */,
				F6DA46722D6EDBA100408790 /* command Extension */,
				F64AF2782D4C58620076F56D /* Frameworks */,
				F6EF7DC02D4C4F2C0074006B /* Products */,
				C8189B282938979000C9DCDA /* modules */,
			);
			indentWidth = 2;
			sourceTree = "<group>";
			tabWidth = 2;
		};
		F6EF7DC02D4C4F2C0074006B /* Products */ = {
			isa = PBXGroup;
			children = (
				F6EF7DBF2D4C4F2C0074006B /* command (Debug).app */,
				F6DA466F2D6EDBA100408790 /* ؜command (Debug).appex */,
			);
			name = Products;
			sourceTree = "<group>";
		};
/* End PBXGroup section */

/* Begin PBXNativeTarget section */
		F6DA466E2D6EDBA100408790 /* command Extension */ = {
			isa = PBXNativeTarget;
			buildConfigurationList = F6DA467C2D6EDBA100408790 /* Build configuration list for PBXNativeTarget "command Extension" */;
			buildPhases = (
				F6DA466B2D6EDBA100408790 /* Sources */,
				F6DA466C2D6EDBA100408790 /* Frameworks */,
				F6DA466D2D6EDBA100408790 /* Resources */,
				F63A9B2D2D6F8635000F805D /* Embed Frameworks */,
			);
			buildRules = (
			);
			dependencies = (
			);
			fileSystemSynchronizedGroups = (
				F6DA46722D6EDBA100408790 /* command Extension */,
			);
			name = "command Extension";
			packageProductDependencies = (
				F6F389002D6F8933004DAB09 /* AppExtension */,
			);
			productName = "command Extension";
			productReference = F6DA466F2D6EDBA100408790 /* ؜command (Debug).appex */;
			productType = "com.apple.product-type.xcode-extension";
		};
		F6EF7DBE2D4C4F2C0074006B /* command */ = {
			isa = PBXNativeTarget;
			buildConfigurationList = F6EF7DE42D4C4F2D0074006B /* Build configuration list for PBXNativeTarget "command" */;
			buildPhases = (
				F668A8A82D50221D0036DF70 /* Sync the app with the local proxy server */,
				F6EF7DBB2D4C4F2C0074006B /* Sources */,
				F6EF7DBC2D4C4F2C0074006B /* Frameworks */,
				F6EF7DBD2D4C4F2C0074006B /* Resources */,
				F668A8B82D5035950036DF70 /* ShellScript */,
				F64FD4822D6ECDBC002C9691 /* Embed Foundation Extensions */,
			);
			buildRules = (
			);
			dependencies = (
				F6DA467A2D6EDBA100408790 /* PBXTargetDependency */,
			);
			fileSystemSynchronizedGroups = (
				F6EF7DC12D4C4F2C0074006B /* command */,
			);
			name = command;
			packageProductDependencies = (
				F6EC34F22D5C165A006E935C /* App */,
			);
			productName = command;
			productReference = F6EF7DBF2D4C4F2C0074006B /* command (Debug).app */;
			productType = "com.apple.product-type.application";
		};
/* End PBXNativeTarget section */

/* Begin PBXProject section */
		F6EF7DB72D4C4F2C0074006B /* Project object */ = {
			isa = PBXProject;
			attributes = {
				BuildIndependentTargetsInParallel = 1;
				LastSwiftUpdateCheck = 1620;
				LastUpgradeCheck = 1620;
				TargetAttributes = {
					F6DA466E2D6EDBA100408790 = {
						CreatedOnToolsVersion = 16.2;
					};
					F6EF7DBE2D4C4F2C0074006B = {
						CreatedOnToolsVersion = 16.2;
					};
				};
			};
			buildConfigurationList = F6EF7DBA2D4C4F2C0074006B /* Build configuration list for PBXProject "command" */;
			developmentRegion = en;
			hasScannedForEncodings = 0;
			knownRegions = (
				en,
				Base,
			);
			mainGroup = F6EF7DB62D4C4F2C0074006B;
			minimizedProjectReferenceProxies = 1;
			packageReferences = (
			);
			preferredProjectObjectVersion = 77;
			productRefGroup = F6EF7DC02D4C4F2C0074006B /* Products */;
			projectDirPath = "";
			projectReferences = (
				{
					ProductGroup = F6B34B8B2D74E17D00AC0BBA /* Products */;
					ProjectRef = F6B34B892D74E17D00AC0BBA /* command.xcodeproj */;
				},
				{
					ProductGroup = F668BFD72D74DD8F00387742 /* Products */;
					ProjectRef = F668BFD52D74DD8F00387742 /* command.xcodeproj */;
				},
				{
					ProductGroup = F65DBB832D73B78600E47A41 /* Products */;
					ProjectRef = F65DBB812D73B78600E47A41 /* command.xcodeproj */;
				},
				{
					ProductGroup = F61D6E2A2D74F47C0089003D /* Products */;
					ProjectRef = F61D6E282D74F47C0089003D /* command.xcodeproj */;
				},
			);
			projectRoot = "";
			targets = (
				F6EF7DBE2D4C4F2C0074006B /* command */,
				F6DA466E2D6EDBA100408790 /* command Extension */,
			);
		};
/* End PBXProject section */

/* Begin PBXResourcesBuildPhase section */
		F6DA466D2D6EDBA100408790 /* Resources */ = {
			isa = PBXResourcesBuildPhase;
			buildActionMask = 2147483647;
			files = (
			);
			runOnlyForDeploymentPostprocessing = 0;
		};
		F6EF7DBD2D4C4F2C0074006B /* Resources */ = {
			isa = PBXResourcesBuildPhase;
			buildActionMask = 2147483647;
			files = (
			);
			runOnlyForDeploymentPostprocessing = 0;
		};
/* End PBXResourcesBuildPhase section */

/* Begin PBXShellScriptBuildPhase section */
		F668A8A82D50221D0036DF70 /* Sync the app with the local proxy server */ = {
			isa = PBXShellScriptBuildPhase;
			alwaysOutOfDate = 1;
			buildActionMask = 2147483647;
			files = (
			);
			inputFileListPaths = (
			);
			inputPaths = (
			);
			name = "Sync the app with the local proxy server";
			outputFileListPaths = (
			);
			outputPaths = (
			);
			runOnlyForDeploymentPostprocessing = 0;
			shellPath = /bin/sh;
			shellScript = "./tools/sync-js-bundle-to-app.sh\n";
		};
		F668A8B82D5035950036DF70 /* ShellScript */ = {
			isa = PBXShellScriptBuildPhase;
			buildActionMask = 2147483647;
			files = (
			);
			inputFileListPaths = (
			);
			inputPaths = (
			);
			outputFileListPaths = (
			);
			outputPaths = (
			);
			runOnlyForDeploymentPostprocessing = 0;
			shellPath = /bin/sh;
			shellScript = "# Type a script or drag a script file from your workspace to insert its path.\n";
		};
/* End PBXShellScriptBuildPhase section */

/* Begin PBXSourcesBuildPhase section */
		F6DA466B2D6EDBA100408790 /* Sources */ = {
			isa = PBXSourcesBuildPhase;
			buildActionMask = 2147483647;
			files = (
			);
			runOnlyForDeploymentPostprocessing = 0;
		};
		F6EF7DBB2D4C4F2C0074006B /* Sources */ = {
			isa = PBXSourcesBuildPhase;
			buildActionMask = 2147483647;
			files = (
			);
			runOnlyForDeploymentPostprocessing = 0;
		};
/* End PBXSourcesBuildPhase section */

/* Begin PBXTargetDependency section */
		F6DA467A2D6EDBA100408790 /* PBXTargetDependency */ = {
			isa = PBXTargetDependency;
			target = F6DA466E2D6EDBA100408790 /* command Extension */;
			targetProxy = F6DA46792D6EDBA100408790 /* PBXContainerItemProxy */;
		};
/* End PBXTargetDependency section */

/* Begin XCBuildConfiguration section */
		F6DA467D2D6EDBA100408790 /* Debug */ = {
			isa = XCBuildConfiguration;
			baseConfigurationReferenceAnchor = F6DA46722D6EDBA100408790 /* command Extension */;
			baseConfigurationReferenceRelativePath = Extension.debug.xcconfig;
			buildSettings = {
				CODE_SIGN_ENTITLEMENTS = "command Extension/command_Extension.entitlements";
				"CODE_SIGN_IDENTITY[sdk=macosx*]" = "Apple Development";
				CODE_SIGN_STYLE = Automatic;
				COMBINE_HIDPI_IMAGES = YES;
				CURRENT_PROJECT_VERSION = 1;
				DEVELOPMENT_TEAM = GP78T2GNXD;
				ENABLE_HARDENED_RUNTIME = YES;
				ENABLE_USER_SCRIPT_SANDBOXING = YES;
				GENERATE_INFOPLIST_FILE = YES;
				INFOPLIST_FILE = "command Extension/Info.plist";
				INFOPLIST_KEY_CFBundleDisplayName = "$(INFOPLIST_KEY_CFBundleDisplayName)";
				INFOPLIST_KEY_DebugUserDefaultsSharedSuiteName = "$(DEBUG_SHARED_USER_DEFAULTS_SUITE)";
				INFOPLIST_KEY_LSApplicationCategoryType = "public.app-category.developer-tools";
				INFOPLIST_KEY_NSHumanReadableCopyright = "";
				LD_RUNPATH_SEARCH_PATHS = (
					"$(inherited)",
					"@executable_path/../Frameworks",
					"@executable_path/../../../../Frameworks",
				);
				MACOSX_DEPLOYMENT_TARGET = 15.2;
				MARKETING_VERSION = 1.0;
				PRODUCT_BUNDLE_IDENTIFIER = "dev.getcmd.debug.command.command-Extension";
				PRODUCT_NAME = "$(PRODUCT_NAME)";
				SKIP_INSTALL = YES;
				SWIFT_EMIT_LOC_STRINGS = YES;
				SWIFT_VERSION = 6.0;
			};
			name = Debug;
		};
		F6DA467E2D6EDBA100408790 /* Release */ = {
			isa = XCBuildConfiguration;
			baseConfigurationReferenceAnchor = F6DA46722D6EDBA100408790 /* command Extension */;
			baseConfigurationReferenceRelativePath = Extension.release.xcconfig;
			buildSettings = {
				CODE_SIGN_ENTITLEMENTS = "command Extension/command_Extension.entitlements";
				CODE_SIGN_STYLE = Automatic;
				COMBINE_HIDPI_IMAGES = YES;
				CURRENT_PROJECT_VERSION = 1;
				DEVELOPMENT_TEAM = GP78T2GNXD;
				ENABLE_HARDENED_RUNTIME = YES;
				ENABLE_USER_SCRIPT_SANDBOXING = YES;
				GENERATE_INFOPLIST_FILE = YES;
				INFOPLIST_FILE = "command Extension/Info.plist";
				INFOPLIST_KEY_CFBundleDisplayName = "$(INFOPLIST_KEY_CFBundleDisplayName)";
				INFOPLIST_KEY_DebugUserDefaultsSharedSuiteName = "$(DEBUG_SHARED_USER_DEFAULTS_SUITE)";
				INFOPLIST_KEY_LSApplicationCategoryType = "public.app-category.developer-tools";
				INFOPLIST_KEY_NSHumanReadableCopyright = "";
				LD_RUNPATH_SEARCH_PATHS = (
					"$(inherited)",
					"@executable_path/../Frameworks",
					"@executable_path/../../../../Frameworks",
				);
				MACOSX_DEPLOYMENT_TARGET = 15.2;
				MARKETING_VERSION = 1.0;
				PRODUCT_BUNDLE_IDENTIFIER = "dev.getcmd.command.command-Extension";
				PRODUCT_NAME = "$(PRODUCT_NAME)";
				SKIP_INSTALL = YES;
				SWIFT_EMIT_LOC_STRINGS = YES;
				SWIFT_VERSION = 6.0;
			};
			name = Release;
		};
		F6EF7DE22D4C4F2D0074006B /* Debug */ = {
			isa = XCBuildConfiguration;
			baseConfigurationReferenceAnchor = F6EF7DC12D4C4F2C0074006B /* command */;
			baseConfigurationReferenceRelativePath = App.debug.xcconfig;
			buildSettings = {
				ALWAYS_SEARCH_USER_PATHS = NO;
				ASSETCATALOG_COMPILER_GENERATE_SWIFT_ASSET_SYMBOL_EXTENSIONS = YES;
				CLANG_ANALYZER_NONNULL = YES;
				CLANG_ANALYZER_NUMBER_OBJECT_CONVERSION = YES_AGGRESSIVE;
				CLANG_CXX_LANGUAGE_STANDARD = "gnu++20";
				CLANG_ENABLE_MODULES = YES;
				CLANG_ENABLE_OBJC_ARC = YES;
				CLANG_ENABLE_OBJC_WEAK = YES;
				CLANG_WARN_BLOCK_CAPTURE_AUTORELEASING = YES;
				CLANG_WARN_BOOL_CONVERSION = YES;
				CLANG_WARN_COMMA = YES;
				CLANG_WARN_CONSTANT_CONVERSION = YES;
				CLANG_WARN_DEPRECATED_OBJC_IMPLEMENTATIONS = YES;
				CLANG_WARN_DIRECT_OBJC_ISA_USAGE = YES_ERROR;
				CLANG_WARN_DOCUMENTATION_COMMENTS = YES;
				CLANG_WARN_EMPTY_BODY = YES;
				CLANG_WARN_ENUM_CONVERSION = YES;
				CLANG_WARN_INFINITE_RECURSION = YES;
				CLANG_WARN_INT_CONVERSION = YES;
				CLANG_WARN_NON_LITERAL_NULL_CONVERSION = YES;
				CLANG_WARN_OBJC_IMPLICIT_RETAIN_SELF = YES;
				CLANG_WARN_OBJC_LITERAL_CONVERSION = YES;
				CLANG_WARN_OBJC_ROOT_CLASS = YES_ERROR;
				CLANG_WARN_QUOTED_INCLUDE_IN_FRAMEWORK_HEADER = YES;
				CLANG_WARN_RANGE_LOOP_ANALYSIS = YES;
				CLANG_WARN_STRICT_PROTOTYPES = YES;
				CLANG_WARN_SUSPICIOUS_MOVE = YES;
				CLANG_WARN_UNGUARDED_AVAILABILITY = YES_AGGRESSIVE;
				CLANG_WARN_UNREACHABLE_CODE = YES;
				CLANG_WARN__DUPLICATE_METHOD_MATCH = YES;
				COPY_PHASE_STRIP = NO;
				DEBUG_INFORMATION_FORMAT = dwarf;
				ENABLE_STRICT_OBJC_MSGSEND = YES;
				ENABLE_TESTABILITY = YES;
				ENABLE_USER_SCRIPT_SANDBOXING = NO;
				GCC_C_LANGUAGE_STANDARD = gnu17;
				GCC_DYNAMIC_NO_PIC = NO;
				GCC_NO_COMMON_BLOCKS = YES;
				GCC_OPTIMIZATION_LEVEL = 0;
				GCC_PREPROCESSOR_DEFINITIONS = (
					"DEBUG=1",
					"$(inherited)",
				);
				GCC_WARN_64_TO_32_BIT_CONVERSION = YES;
				GCC_WARN_ABOUT_RETURN_TYPE = YES_ERROR;
				GCC_WARN_UNDECLARED_SELECTOR = YES;
				GCC_WARN_UNINITIALIZED_AUTOS = YES_AGGRESSIVE;
				GCC_WARN_UNUSED_FUNCTION = YES;
				GCC_WARN_UNUSED_VARIABLE = YES;
				LOCALIZATION_PREFERS_STRING_CATALOGS = YES;
				MACOSX_DEPLOYMENT_TARGET = 15.1;
				MTL_ENABLE_DEBUG_INFO = INCLUDE_SOURCE;
				MTL_FAST_MATH = YES;
				ONLY_ACTIVE_ARCH = YES;
				SDKROOT = macosx;
				SWIFT_ACTIVE_COMPILATION_CONDITIONS = "DEBUG $(inherited)";
				SWIFT_OPTIMIZATION_LEVEL = "-Onone";
			};
			name = Debug;
		};
		F6EF7DE32D4C4F2D0074006B /* Release */ = {
			isa = XCBuildConfiguration;
			baseConfigurationReferenceAnchor = F6EF7DC12D4C4F2C0074006B /* command */;
			baseConfigurationReferenceRelativePath = App.release.xcconfig;
			buildSettings = {
				ALWAYS_SEARCH_USER_PATHS = NO;
				ASSETCATALOG_COMPILER_GENERATE_SWIFT_ASSET_SYMBOL_EXTENSIONS = YES;
				CLANG_ANALYZER_NONNULL = YES;
				CLANG_ANALYZER_NUMBER_OBJECT_CONVERSION = YES_AGGRESSIVE;
				CLANG_CXX_LANGUAGE_STANDARD = "gnu++20";
				CLANG_ENABLE_MODULES = YES;
				CLANG_ENABLE_OBJC_ARC = YES;
				CLANG_ENABLE_OBJC_WEAK = YES;
				CLANG_WARN_BLOCK_CAPTURE_AUTORELEASING = YES;
				CLANG_WARN_BOOL_CONVERSION = YES;
				CLANG_WARN_COMMA = YES;
				CLANG_WARN_CONSTANT_CONVERSION = YES;
				CLANG_WARN_DEPRECATED_OBJC_IMPLEMENTATIONS = YES;
				CLANG_WARN_DIRECT_OBJC_ISA_USAGE = YES_ERROR;
				CLANG_WARN_DOCUMENTATION_COMMENTS = YES;
				CLANG_WARN_EMPTY_BODY = YES;
				CLANG_WARN_ENUM_CONVERSION = YES;
				CLANG_WARN_INFINITE_RECURSION = YES;
				CLANG_WARN_INT_CONVERSION = YES;
				CLANG_WARN_NON_LITERAL_NULL_CONVERSION = YES;
				CLANG_WARN_OBJC_IMPLICIT_RETAIN_SELF = YES;
				CLANG_WARN_OBJC_LITERAL_CONVERSION = YES;
				CLANG_WARN_OBJC_ROOT_CLASS = YES_ERROR;
				CLANG_WARN_QUOTED_INCLUDE_IN_FRAMEWORK_HEADER = YES;
				CLANG_WARN_RANGE_LOOP_ANALYSIS = YES;
				CLANG_WARN_STRICT_PROTOTYPES = YES;
				CLANG_WARN_SUSPICIOUS_MOVE = YES;
				CLANG_WARN_UNGUARDED_AVAILABILITY = YES_AGGRESSIVE;
				CLANG_WARN_UNREACHABLE_CODE = YES;
				CLANG_WARN__DUPLICATE_METHOD_MATCH = YES;
				COPY_PHASE_STRIP = NO;
				DEBUG_INFORMATION_FORMAT = "dwarf-with-dsym";
				ENABLE_NS_ASSERTIONS = NO;
				ENABLE_STRICT_OBJC_MSGSEND = YES;
				ENABLE_USER_SCRIPT_SANDBOXING = NO;
				GCC_C_LANGUAGE_STANDARD = gnu17;
				GCC_NO_COMMON_BLOCKS = YES;
				GCC_WARN_64_TO_32_BIT_CONVERSION = YES;
				GCC_WARN_ABOUT_RETURN_TYPE = YES_ERROR;
				GCC_WARN_UNDECLARED_SELECTOR = YES;
				GCC_WARN_UNINITIALIZED_AUTOS = YES_AGGRESSIVE;
				GCC_WARN_UNUSED_FUNCTION = YES;
				GCC_WARN_UNUSED_VARIABLE = YES;
				LOCALIZATION_PREFERS_STRING_CATALOGS = YES;
				MACOSX_DEPLOYMENT_TARGET = 15.1;
				MTL_ENABLE_DEBUG_INFO = NO;
				MTL_FAST_MATH = YES;
				SDKROOT = macosx;
				SWIFT_COMPILATION_MODE = wholemodule;
			};
			name = Release;
		};
		F6EF7DE52D4C4F2D0074006B /* Debug */ = {
			isa = XCBuildConfiguration;
			baseConfigurationReferenceAnchor = F6EF7DC12D4C4F2C0074006B /* command */;
			baseConfigurationReferenceRelativePath = App.debug.xcconfig;
			buildSettings = {
				ASSETCATALOG_COMPILER_APPICON_NAME = AppIcon.debug;
				ASSETCATALOG_COMPILER_GLOBAL_ACCENT_COLOR_NAME = AccentColor;
				CODE_SIGN_ENTITLEMENTS = command/command.entitlements;
				"CODE_SIGN_IDENTITY[sdk=macosx*]" = "Apple Development";
				CODE_SIGN_STYLE = Automatic;
				COMBINE_HIDPI_IMAGES = YES;
				CURRENT_PROJECT_VERSION = 1;
				DEVELOPMENT_ASSET_PATHS = "\"command/Preview Content\"";
				DEVELOPMENT_TEAM = GP78T2GNXD;
				ENABLE_HARDENED_RUNTIME = YES;
				ENABLE_PREVIEWS = YES;
				GENERATE_INFOPLIST_FILE = YES;
				INFOPLIST_FILE = command/Info.plist;
				INFOPLIST_KEY_CFBundleDisplayName = "command (Debug)";
				INFOPLIST_KEY_LSApplicationCategoryType = "public.app-category.developer-tools";
				INFOPLIST_KEY_NSAppleEventsUsageDescription = "$(PRODUCT_NAME) needs to control System Events";
				INFOPLIST_KEY_NSHumanReadableCopyright = "";
				LD_RUNPATH_SEARCH_PATHS = (
					"$(inherited)",
					"@executable_path/../Frameworks",
				);
				MACOSX_DEPLOYMENT_TARGET = 15.3;
				MARKETING_VERSION = 1.0;
				PRODUCT_BUNDLE_IDENTIFIER = dev.getcmd.debug.command;
				PRODUCT_NAME = "$(PRODUCT_NAME)";
				SWIFT_EMIT_LOC_STRINGS = YES;
				SWIFT_VERSION = 6.0;
			};
			name = Debug;
		};
		F6EF7DE62D4C4F2D0074006B /* Release */ = {
			isa = XCBuildConfiguration;
			baseConfigurationReferenceAnchor = F6EF7DC12D4C4F2C0074006B /* command */;
			baseConfigurationReferenceRelativePath = App.release.xcconfig;
			buildSettings = {
				ASSETCATALOG_COMPILER_APPICON_NAME = AppIcon.release;
				ASSETCATALOG_COMPILER_GLOBAL_ACCENT_COLOR_NAME = AccentColor;
				CODE_SIGN_ENTITLEMENTS = command/command.entitlements;
				CODE_SIGN_STYLE = Automatic;
				COMBINE_HIDPI_IMAGES = YES;
				CURRENT_PROJECT_VERSION = 1;
				DEVELOPMENT_ASSET_PATHS = "\"command/Preview Content\"";
				DEVELOPMENT_TEAM = GP78T2GNXD;
				ENABLE_HARDENED_RUNTIME = YES;
				ENABLE_PREVIEWS = NO;
				GENERATE_INFOPLIST_FILE = YES;
				INFOPLIST_FILE = command/Info.plist;
				INFOPLIST_KEY_CFBundleDisplayName = "command (Debug)";
				INFOPLIST_KEY_LSApplicationCategoryType = "public.app-category.developer-tools";
				INFOPLIST_KEY_NSAppleEventsUsageDescription = "$(PRODUCT_NAME) needs to control System Events";
				INFOPLIST_KEY_NSHumanReadableCopyright = "";
				LD_RUNPATH_SEARCH_PATHS = (
					"$(inherited)",
					"@executable_path/../Frameworks",
				);
				MACOSX_DEPLOYMENT_TARGET = 15.3;
				MARKETING_VERSION = 1.0;
				PRODUCT_BUNDLE_IDENTIFIER = dev.getcmd.command;
				PRODUCT_NAME = "$(PRODUCT_NAME)";
				SWIFT_EMIT_LOC_STRINGS = YES;
				SWIFT_VERSION = 6.0;
			};
			name = Release;
		};
/* End XCBuildConfiguration section */

/* Begin XCConfigurationList section */
		F6DA467C2D6EDBA100408790 /* Build configuration list for PBXNativeTarget "command Extension" */ = {
			isa = XCConfigurationList;
			buildConfigurations = (
				F6DA467D2D6EDBA100408790 /* Debug */,
				F6DA467E2D6EDBA100408790 /* Release */,
			);
			defaultConfigurationIsVisible = 0;
			defaultConfigurationName = Release;
		};
		F6EF7DBA2D4C4F2C0074006B /* Build configuration list for PBXProject "command" */ = {
			isa = XCConfigurationList;
			buildConfigurations = (
				F6EF7DE22D4C4F2D0074006B /* Debug */,
				F6EF7DE32D4C4F2D0074006B /* Release */,
			);
			defaultConfigurationIsVisible = 0;
			defaultConfigurationName = Release;
		};
		F6EF7DE42D4C4F2D0074006B /* Build configuration list for PBXNativeTarget "command" */ = {
			isa = XCConfigurationList;
			buildConfigurations = (
				F6EF7DE52D4C4F2D0074006B /* Debug */,
				F6EF7DE62D4C4F2D0074006B /* Release */,
			);
			defaultConfigurationIsVisible = 0;
			defaultConfigurationName = Release;
		};
/* End XCConfigurationList section */

/* Begin XCSwiftPackageProductDependency section */
		F6EC34F22D5C165A006E935C /* App */ = {
			isa = XCSwiftPackageProductDependency;
			productName = App;
		};
		F6F389002D6F8933004DAB09 /* AppExtension */ = {
			isa = XCSwiftPackageProductDependency;
			productName = AppExtension;
		};
/* End XCSwiftPackageProductDependency section */
	};
	rootObject = F6EF7DB72D4C4F2C0074006B /* Project object */;
}
